
Microsoft Visual Studio Solution File, Format Version 12.00
# Visual Studio Version 16
VisualStudioVersion = 16.0.28705.295
MinimumVisualStudioVersion = 10.0.40219.1
Project("{F2A71F9B-5D33-465A-A702-920D77279786}") = "LParserC", "LParserC\LParserC.fsproj", "{2C26310B-3211-44E6-BF3E-B119A7D514DD}"
EndProject
Project("{F2A71F9B-5D33-465A-A702-920D77279786}") = "ParserCTest", "ParserCTest\ParserCTest.fsproj", "{9536B20A-4197-4788-B69A-FEF327D3D60C}"
EndProject
Global
	GlobalSection(SolutionConfigurationPlatforms) = preSolution
		Debug|Any CPU = Debug|Any CPU
		Release|Any CPU = Release|Any CPU
	EndGlobalSection
	GlobalSection(ProjectConfigurationPlatforms) = postSolution
		{2C26310B-3211-44E6-BF3E-B119A7D514DD}.Debug|Any CPU.ActiveCfg = Debug|Any CPU
		{2C26310B-3211-44E6-BF3E-B119A7D514DD}.Debug|Any CPU.Build.0 = Debug|Any CPU
		{2C26310B-3211-44E6-BF3E-B119A7D514DD}.Release|Any CPU.ActiveCfg = Release|Any CPU
		{2C26310B-3211-44E6-BF3E-B119A7D514DD}.Release|Any CPU.Build.0 = Release|Any CPU
		{9536B20A-4197-4788-B69A-FEF327D3D60C}.Debug|Any CPU.ActiveCfg = Debug|Any CPU
		{9536B20A-4197-4788-B69A-FEF327D3D60C}.Debug|Any CPU.Build.0 = Debug|Any CPU
		{9536B20A-4197-4788-B69A-FEF327D3D60C}.Release|Any CPU.ActiveCfg = Release|Any CPU
		{9536B20A-4197-4788-B69A-FEF327D3D60C}.Release|Any CPU.Build.0 = Release|Any CPU
	EndGlobalSection
	GlobalSection(SolutionProperties) = preSolution
		HideSolutionNode = FALSE
	EndGlobalSection
	GlobalSection(ExtensibilityGlobals) = postSolution
		SolutionGuid = {04C32638-396F-4BB5-9236-EE725E53DDF5}
	EndGlobalSection
EndGlobal
